
Microsoft Visual Studio Solution File, Format Version 12.00
# Visual Studio Version 17
VisualStudioVersion = 17.2.32519.379
MinimumVisualStudioVersion = 10.0.40219.1
Project("{FAE04EC0-301F-11D3-BF4B-00C04F79EFBC}") = "LargeGame_MM", "LargeGame_MM.csproj", "{CC1C2E48-FBEA-4AC5-97CB-6A9DD144907C}"
EndProject
Global
	GlobalSection(SolutionConfigurationPlatforms) = preSolution
		Debug|Any CPU = Debug|Any CPU
		Release|Any CPU = Release|Any CPU
	EndGlobalSection
	GlobalSection(ProjectConfigurationPlatforms) = postSolution
		{CC1C2E48-FBEA-4AC5-97CB-6A9DD144907C}.Debug|Any CPU.ActiveCfg = Debug|Any CPU
		{CC1C2E48-FBEA-4AC5-97CB-6A9DD144907C}.Debug|Any CPU.Build.0 = Debug|Any CPU
		{CC1C2E48-FBEA-4AC5-97CB-6A9DD144907C}.Release|Any CPU.ActiveCfg = Release|Any CPU
		{CC1C2E48-FBEA-4AC5-97CB-6A9DD144907C}.Release|Any CPU.Build.0 = Release|Any CPU
	EndGlobalSection
	GlobalSection(SolutionProperties) = preSolution
		HideSolutionNode = FALSE
	EndGlobalSection
	GlobalSection(ExtensibilityGlobals) = postSolution
		SolutionGuid = {56DBDD70-3BF3-4F39-9A3B-C5F65B1A1267}
	EndGlobalSection
EndGlobal
